// !$*UTF8*$!
{
	archiveVersion = 1;
	classes = {
	};
	objectVersion = 50;
	objects = {

/* Begin PBXBuildFile section */
		059157E622EED0BC00B0E02B /* AppDelegate.swift in Sources */ = {isa = PBXBuildFile; fileRef = 059157E522EED0BC00B0E02B /* AppDelegate.swift */; };
		059157E822EED0BC00B0E02B /* ViewController.swift in Sources */ = {isa = PBXBuildFile; fileRef = 059157E722EED0BC00B0E02B /* ViewController.swift */; };
		059157EB22EED0BC00B0E02B /* Main.storyboard in Resources */ = {isa = PBXBuildFile; fileRef = 059157E922EED0BC00B0E02B /* Main.storyboard */; };
		059157ED22EED0BE00B0E02B /* Assets.xcassets in Resources */ = {isa = PBXBuildFile; fileRef = 059157EC22EED0BE00B0E02B /* Assets.xcassets */; };
		059157F022EED0BE00B0E02B /* LaunchScreen.storyboard in Resources */ = {isa = PBXBuildFile; fileRef = 059157EE22EED0BE00B0E02B /* LaunchScreen.storyboard */; };
		059157F822EED0DB00B0E02B /* DBManager.swift in Sources */ = {isa = PBXBuildFile; fileRef = 059157F722EED0DB00B0E02B /* DBManager.swift */; };
		0591583122EED69400B0E02B /* libsqlite3.0.tbd in Frameworks */ = {isa = PBXBuildFile; fileRef = 0591582F22EED69400B0E02B /* libsqlite3.0.tbd */; };
		0591583222EED69400B0E02B /* libsqlite3.tbd in Frameworks */ = {isa = PBXBuildFile; fileRef = 0591583022EED69400B0E02B /* libsqlite3.tbd */; };
		0591584B22EEF63100B0E02B /* SQLite.framework in Frameworks */ = {isa = PBXBuildFile; fileRef = 0591583E22EEF62300B0E02B /* SQLite.framework */; };
		0591584C22EEF63800B0E02B /* SQLite.framework in Frameworks */ = {isa = PBXBuildFile; fileRef = 0591583E22EEF62300B0E02B /* SQLite.framework */; };
		0591584D22EEF63800B0E02B /* SQLite.framework in Embed Frameworks */ = {isa = PBXBuildFile; fileRef = 0591583E22EEF62300B0E02B /* SQLite.framework */; settings = {ATTRIBUTES = (CodeSignOnCopy, RemoveHeadersOnCopy, ); }; };
/* End PBXBuildFile section */

/* Begin PBXContainerItemProxy section */
		0591583D22EEF62300B0E02B /* PBXContainerItemProxy */ = {
			isa = PBXContainerItemProxy;
			containerPortal = 0591583322EEF62300B0E02B /* SQLite.xcodeproj */;
			proxyType = 2;
			remoteGlobalIDString = EE247AD31C3F04ED00AE3E12;
			remoteInfo = "SQLite iOS";
		};
		0591583F22EEF62300B0E02B /* PBXContainerItemProxy */ = {
			isa = PBXContainerItemProxy;
			containerPortal = 0591583322EEF62300B0E02B /* SQLite.xcodeproj */;
			proxyType = 2;
			remoteGlobalIDString = EE247ADD1C3F04ED00AE3E12;
			remoteInfo = "SQLiteTests iOS";
		};
		0591584122EEF62300B0E02B /* PBXContainerItemProxy */ = {
			isa = PBXContainerItemProxy;
			containerPortal = 0591583322EEF62300B0E02B /* SQLite.xcodeproj */;
			proxyType = 2;
			remoteGlobalIDString = EE247B3C1C3F3ED000AE3E12;
			remoteInfo = "SQLite Mac";
		};
		0591584322EEF62300B0E02B /* PBXContainerItemProxy */ = {
			isa = PBXContainerItemProxy;
			containerPortal = 0591583322EEF62300B0E02B /* SQLite.xcodeproj */;
			proxyType = 2;
			remoteGlobalIDString = EE247B451C3F3ED000AE3E12;
			remoteInfo = "SQLiteTests Mac";
		};
		0591584522EEF62300B0E02B /* PBXContainerItemProxy */ = {
			isa = PBXContainerItemProxy;
			containerPortal = 0591583322EEF62300B0E02B /* SQLite.xcodeproj */;
			proxyType = 2;
			remoteGlobalIDString = 03A65E5A1C6BB0F50062603F;
			remoteInfo = "SQLite tvOS";
		};
		0591584722EEF62300B0E02B /* PBXContainerItemProxy */ = {
			isa = PBXContainerItemProxy;
			containerPortal = 0591583322EEF62300B0E02B /* SQLite.xcodeproj */;
			proxyType = 2;
			remoteGlobalIDString = 03A65E631C6BB0F60062603F;
			remoteInfo = "SQLiteTests tvOS";
		};
		0591584922EEF62300B0E02B /* PBXContainerItemProxy */ = {
			isa = PBXContainerItemProxy;
			containerPortal = 0591583322EEF62300B0E02B /* SQLite.xcodeproj */;
			proxyType = 2;
			remoteGlobalIDString = A121AC451CA35C79005A31D1;
			remoteInfo = "SQLite watchOS";
		};
		0591584E22EEF63800B0E02B /* PBXContainerItemProxy */ = {
			isa = PBXContainerItemProxy;
			containerPortal = 0591583322EEF62300B0E02B /* SQLite.xcodeproj */;
			proxyType = 1;
			remoteGlobalIDString = EE247AD21C3F04ED00AE3E12;
			remoteInfo = "SQLite iOS";
		};
/* End PBXContainerItemProxy section */

/* Begin PBXCopyFilesBuildPhase section */
		0591585022EEF63800B0E02B /* Embed Frameworks */ = {
			isa = PBXCopyFilesBuildPhase;
			buildActionMask = 2147483647;
			dstPath = "";
			dstSubfolderSpec = 10;
			files = (
				0591584D22EEF63800B0E02B /* SQLite.framework in Embed Frameworks */,
			);
			name = "Embed Frameworks";
			runOnlyForDeploymentPostprocessing = 0;
		};
/* End PBXCopyFilesBuildPhase section */

/* Begin PBXFileReference section */
		059157E222EED0BC00B0E02B /* SQLite(Test).app */ = {isa = PBXFileReference; explicitFileType = wrapper.application; includeInIndex = 0; path = "SQLite(Test).app"; sourceTree = BUILT_PRODUCTS_DIR; };
		059157E522EED0BC00B0E02B /* AppDelegate.swift */ = {isa = PBXFileReference; lastKnownFileType = sourcecode.swift; path = AppDelegate.swift; sourceTree = "<group>"; };
		059157E722EED0BC00B0E02B /* ViewController.swift */ = {isa = PBXFileReference; lastKnownFileType = sourcecode.swift; path = ViewController.swift; sourceTree = "<group>"; };
		059157EA22EED0BC00B0E02B /* Base */ = {isa = PBXFileReference; lastKnownFileType = file.storyboard; name = Base; path = Base.lproj/Main.storyboard; sourceTree = "<group>"; };
		059157EC22EED0BE00B0E02B /* Assets.xcassets */ = {isa = PBXFileReference; lastKnownFileType = folder.assetcatalog; path = Assets.xcassets; sourceTree = "<group>"; };
		059157EF22EED0BE00B0E02B /* Base */ = {isa = PBXFileReference; lastKnownFileType = file.storyboard; name = Base; path = Base.lproj/LaunchScreen.storyboard; sourceTree = "<group>"; };
		059157F122EED0BE00B0E02B /* Info.plist */ = {isa = PBXFileReference; lastKnownFileType = text.plist.xml; path = Info.plist; sourceTree = "<group>"; };
		059157F722EED0DB00B0E02B /* DBManager.swift */ = {isa = PBXFileReference; lastKnownFileType = sourcecode.swift; path = DBManager.swift; sourceTree = "<group>"; };
		0591582F22EED69400B0E02B /* libsqlite3.0.tbd */ = {isa = PBXFileReference; lastKnownFileType = "sourcecode.text-based-dylib-definition"; name = libsqlite3.0.tbd; path = usr/lib/libsqlite3.0.tbd; sourceTree = SDKROOT; };
		0591583022EED69400B0E02B /* libsqlite3.tbd */ = {isa = PBXFileReference; lastKnownFileType = "sourcecode.text-based-dylib-definition"; name = libsqlite3.tbd; path = usr/lib/libsqlite3.tbd; sourceTree = SDKROOT; };
		0591583322EEF62300B0E02B /* SQLite.xcodeproj */ = {isa = PBXFileReference; lastKnownFileType = "wrapper.pb-project"; name = SQLite.xcodeproj; path = "../../../../Downloads/SQLite.swift-master/SQLite.xcodeproj"; sourceTree = "<group>"; };
/* End PBXFileReference section */

/* Begin PBXFrameworksBuildPhase section */
		059157DF22EED0BC00B0E02B /* Frameworks */ = {
			isa = PBXFrameworksBuildPhase;
			buildActionMask = 2147483647;
			files = (
				0591584B22EEF63100B0E02B /* SQLite.framework in Frameworks */,
				0591583122EED69400B0E02B /* libsqlite3.0.tbd in Frameworks */,
				0591584C22EEF63800B0E02B /* SQLite.framework in Frameworks */,
				0591583222EED69400B0E02B /* libsqlite3.tbd in Frameworks */,
			);
			runOnlyForDeploymentPostprocessing = 0;
		};
/* End PBXFrameworksBuildPhase section */

/* Begin PBXGroup section */
		059157D922EED0BC00B0E02B = {
			isa = PBXGroup;
			children = (
				059157E422EED0BC00B0E02B /* SQLite(Test) */,
				059157E322EED0BC00B0E02B /* Products */,
				0591582E22EED69300B0E02B /* Frameworks */,
			);
			sourceTree = "<group>";
		};
		059157E322EED0BC00B0E02B /* Products */ = {
			isa = PBXGroup;
			children = (
				059157E222EED0BC00B0E02B /* SQLite(Test).app */,
			);
			name = Products;
			sourceTree = "<group>";
		};
		059157E422EED0BC00B0E02B /* SQLite(Test) */ = {
			isa = PBXGroup;
			children = (
				0591583322EEF62300B0E02B /* SQLite.xcodeproj */,
				059157E522EED0BC00B0E02B /* AppDelegate.swift */,
				059157E722EED0BC00B0E02B /* ViewController.swift */,
				059157F722EED0DB00B0E02B /* DBManager.swift */,
				059157E922EED0BC00B0E02B /* Main.storyboard */,
				059157EC22EED0BE00B0E02B /* Assets.xcassets */,
				059157EE22EED0BE00B0E02B /* LaunchScreen.storyboard */,
				059157F122EED0BE00B0E02B /* Info.plist */,
			);
			path = "SQLite(Test)";
			sourceTree = "<group>";
		};
		0591582E22EED69300B0E02B /* Frameworks */ = {
			isa = PBXGroup;
			children = (
				0591582F22EED69400B0E02B /* libsqlite3.0.tbd */,
				0591583022EED69400B0E02B /* libsqlite3.tbd */,
			);
			name = Frameworks;
			sourceTree = "<group>";
		};
		0591583422EEF62300B0E02B /* Products */ = {
			isa = PBXGroup;
			children = (
				0591583E22EEF62300B0E02B /* SQLite.framework */,
				0591584022EEF62300B0E02B /* SQLiteTests iOS.xctest */,
				0591584222EEF62300B0E02B /* SQLite.framework */,
				0591584422EEF62300B0E02B /* SQLiteTests Mac.xctest */,
				0591584622EEF62300B0E02B /* SQLite.framework */,
				0591584822EEF62300B0E02B /* SQLiteTests tvOS.xctest */,
				0591584A22EEF62300B0E02B /* SQLite.framework */,
			);
			name = Products;
			sourceTree = "<group>";
		};
/* End PBXGroup section */

/* Begin PBXNativeTarget section */
		059157E122EED0BC00B0E02B /* SQLite(Test) */ = {
			isa = PBXNativeTarget;
			buildConfigurationList = 059157F422EED0BE00B0E02B /* Build configuration list for PBXNativeTarget "SQLite(Test)" */;
			buildPhases = (
				059157DE22EED0BC00B0E02B /* Sources */,
				059157DF22EED0BC00B0E02B /* Frameworks */,
				059157E022EED0BC00B0E02B /* Resources */,
				0591585022EEF63800B0E02B /* Embed Frameworks */,
			);
			buildRules = (
			);
			dependencies = (
				0591584F22EEF63800B0E02B /* PBXTargetDependency */,
			);
			name = "SQLite(Test)";
			productName = "SQLite(Test)";
			productReference = 059157E222EED0BC00B0E02B /* SQLite(Test).app */;
			productType = "com.apple.product-type.application";
		};
/* End PBXNativeTarget section */

/* Begin PBXProject section */
		059157DA22EED0BC00B0E02B /* Project object */ = {
			isa = PBXProject;
			attributes = {
				LastSwiftUpdateCheck = 1020;
				LastUpgradeCheck = 1020;
				ORGANIZATIONNAME = "Nisha Poddar";
				TargetAttributes = {
					059157E122EED0BC00B0E02B = {
						CreatedOnToolsVersion = 10.2.1;
					};
				};
			};
			buildConfigurationList = 059157DD22EED0BC00B0E02B /* Build configuration list for PBXProject "SQLite(Test)" */;
			compatibilityVersion = "Xcode 9.3";
			developmentRegion = en;
			hasScannedForEncodings = 0;
			knownRegions = (
				en,
				Base,
			);
			mainGroup = 059157D922EED0BC00B0E02B;
			productRefGroup = 059157E322EED0BC00B0E02B /* Products */;
			projectDirPath = "";
			projectReferences = (
				{
					ProductGroup = 0591583422EEF62300B0E02B /* Products */;
					ProjectRef = 0591583322EEF62300B0E02B /* SQLite.xcodeproj */;
				},
			);
			projectRoot = "";
			targets = (
				059157E122EED0BC00B0E02B /* SQLite(Test) */,
			);
		};
/* End PBXProject section */

/* Begin PBXReferenceProxy section */
		0591583E22EEF62300B0E02B /* SQLite.framework */ = {
			isa = PBXReferenceProxy;
			fileType = wrapper.framework;
			path = SQLite.framework;
			remoteRef = 0591583D22EEF62300B0E02B /* PBXContainerItemProxy */;
			sourceTree = BUILT_PRODUCTS_DIR;
		};
		0591584022EEF62300B0E02B /* SQLiteTests iOS.xctest */ = {
			isa = PBXReferenceProxy;
			fileType = wrapper.cfbundle;
			path = "SQLiteTests iOS.xctest";
			remoteRef = 0591583F22EEF62300B0E02B /* PBXContainerItemProxy */;
			sourceTree = BUILT_PRODUCTS_DIR;
		};
		0591584222EEF62300B0E02B /* SQLite.framework */ = {
			isa = PBXReferenceProxy;
			fileType = wrapper.framework;
			path = SQLite.framework;
			remoteRef = 0591584122EEF62300B0E02B /* PBXContainerItemProxy */;
			sourceTree = BUILT_PRODUCTS_DIR;
		};
		0591584422EEF62300B0E02B /* SQLiteTests Mac.xctest */ = {
			isa = PBXReferenceProxy;
			fileType = wrapper.cfbundle;
			path = "SQLiteTests Mac.xctest";
			remoteRef = 0591584322EEF62300B0E02B /* PBXContainerItemProxy */;
			sourceTree = BUILT_PRODUCTS_DIR;
		};
		0591584622EEF62300B0E02B /* SQLite.framework */ = {
			isa = PBXReferenceProxy;
			fileType = wrapper.framework;
			path = SQLite.framework;
			remoteRef = 0591584522EEF62300B0E02B /* PBXContainerItemProxy */;
			sourceTree = BUILT_PRODUCTS_DIR;
		};
		0591584822EEF62300B0E02B /* SQLiteTests tvOS.xctest */ = {
			isa = PBXReferenceProxy;
			fileType = wrapper.cfbundle;
			path = "SQLiteTests tvOS.xctest";
			remoteRef = 0591584722EEF62300B0E02B /* PBXContainerItemProxy */;
			sourceTree = BUILT_PRODUCTS_DIR;
		};
		0591584A22EEF62300B0E02B /* SQLite.framework */ = {
			isa = PBXReferenceProxy;
			fileType = wrapper.framework;
			path = SQLite.framework;
			remoteRef = 0591584922EEF62300B0E02B /* PBXContainerItemProxy */;
			sourceTree = BUILT_PRODUCTS_DIR;
		};
/* End PBXReferenceProxy section */

/* Begin PBXResourcesBuildPhase section */
		059157E022EED0BC00B0E02B /* Resources */ = {
			isa = PBXResourcesBuildPhase;
			buildActionMask = 2147483647;
			files = (
				059157F022EED0BE00B0E02B /* LaunchScreen.storyboard in Resources */,
				059157ED22EED0BE00B0E02B /* Assets.xcassets in Resources */,
				059157EB22EED0BC00B0E02B /* Main.storyboard in Resources */,
			);
			runOnlyForDeploymentPostprocessing = 0;
		};
/* End PBXResourcesBuildPhase section */

/* Begin PBXSourcesBuildPhase section */
		059157DE22EED0BC00B0E02B /* Sources */ = {
			isa = PBXSourcesBuildPhase;
			buildActionMask = 2147483647;
			files = (
				059157E822EED0BC00B0E02B /* ViewController.swift in Sources */,
				059157F822EED0DB00B0E02B /* DBManager.swift in Sources */,
				059157E622EED0BC00B0E02B /* AppDelegate.swift in Sources */,
			);
			runOnlyForDeploymentPostprocessing = 0;
		};
/* End PBXSourcesBuildPhase section */

/* Begin PBXTargetDependency section */
		0591584F22EEF63800B0E02B /* PBXTargetDependency */ = {
			isa = PBXTargetDependency;
			name = "SQLite iOS";
			targetProxy = 0591584E22EEF63800B0E02B /* PBXContainerItemProxy */;
		};
/* End PBXTargetDependency section */

/* Begin PBXVariantGroup section */
		059157E922EED0BC00B0E02B /* Main.storyboard */ = {
			isa = PBXVariantGroup;
			children = (
				059157EA22EED0BC00B0E02B /* Base */,
			);
			name = Main.storyboard;
			sourceTree = "<group>";
		};
		059157EE22EED0BE00B0E02B /* LaunchScreen.storyboard */ = {
			isa = PBXVariantGroup;
			children = (
				059157EF22EED0BE00B0E02B /* Base */,
			);
			name = LaunchScreen.storyboard;
			sourceTree = "<group>";
		};
/* End PBXVariantGroup section */

/* Begin XCBuildConfiguration section */
		059157F222EED0BE00B0E02B /* Debug */ = {
			isa = XCBuildConfiguration;
			buildSettings = {
				ALWAYS_SEARCH_USER_PATHS = NO;
				CLANG_ANALYZER_NONNULL = YES;
				CLANG_ANALYZER_NUMBER_OBJECT_CONVERSION = YES_AGGRESSIVE;
				CLANG_CXX_LANGUAGE_STANDARD = "gnu++14";
				CLANG_CXX_LIBRARY = "libc++";
				CLANG_ENABLE_MODULES = YES;
				CLANG_ENABLE_OBJC_ARC = YES;
				CLANG_ENABLE_OBJC_WEAK = YES;
				CLANG_WARN_BLOCK_CAPTURE_AUTORELEASING = YES;
				CLANG_WARN_BOOL_CONVERSION = YES;
				CLANG_WARN_COMMA = YES;
				CLANG_WARN_CONSTANT_CONVERSION = YES;
				CLANG_WARN_DEPRECATED_OBJC_IMPLEMENTATIONS = YES;
				CLANG_WARN_DIRECT_OBJC_ISA_USAGE = YES_ERROR;
				CLANG_WARN_DOCUMENTATION_COMMENTS = YES;
				CLANG_WARN_EMPTY_BODY = YES;
				CLANG_WARN_ENUM_CONVERSION = YES;
				CLANG_WARN_INFINITE_RECURSION = YES;
				CLANG_WARN_INT_CONVERSION = YES;
				CLANG_WARN_NON_LITERAL_NULL_CONVERSION = YES;
				CLANG_WARN_OBJC_IMPLICIT_RETAIN_SELF = YES;
				CLANG_WARN_OBJC_LITERAL_CONVERSION = YES;
				CLANG_WARN_OBJC_ROOT_CLASS = YES_ERROR;
				CLANG_WARN_RANGE_LOOP_ANALYSIS = YES;
				CLANG_WARN_STRICT_PROTOTYPES = YES;
				CLANG_WARN_SUSPICIOUS_MOVE = YES;
				CLANG_WARN_UNGUARDED_AVAILABILITY = YES_AGGRESSIVE;
				CLANG_WARN_UNREACHABLE_CODE = YES;
				CLANG_WARN__DUPLICATE_METHOD_MATCH = YES;
				CODE_SIGN_IDENTITY = "iPhone Developer";
				COPY_PHASE_STRIP = NO;
				DEBUG_INFORMATION_FORMAT = dwarf;
				ENABLE_STRICT_OBJC_MSGSEND = YES;
				ENABLE_TESTABILITY = YES;
				GCC_C_LANGUAGE_STANDARD = gnu11;
				GCC_DYNAMIC_NO_PIC = NO;
				GCC_NO_COMMON_BLOCKS = YES;
				GCC_OPTIMIZATION_LEVEL = 0;
				GCC_PREPROCESSOR_DEFINITIONS = (
					"DEBUG=1",
					"$(inherited)",
				);
				GCC_WARN_64_TO_32_BIT_CONVERSION = YES;
				GCC_WARN_ABOUT_RETURN_TYPE = YES_ERROR;
				GCC_WARN_UNDECLARED_SELECTOR = YES;
				GCC_WARN_UNINITIALIZED_AUTOS = YES_AGGRESSIVE;
				GCC_WARN_UNUSED_FUNCTION = YES;
				GCC_WARN_UNUSED_VARIABLE = YES;
				IPHONEOS_DEPLOYMENT_TARGET = 12.2;
				MTL_ENABLE_DEBUG_INFO = INCLUDE_SOURCE;
				MTL_FAST_MATH = YES;
				ONLY_ACTIVE_ARCH = YES;
				SDKROOT = iphoneos;
				SWIFT_ACTIVE_COMPILATION_CONDITIONS = DEBUG;
				SWIFT_OPTIMIZATION_LEVEL = "-Onone";
			};
			name = Debug;
		};
		059157F322EED0BE00B0E02B /* Release */ = {
			isa = XCBuildConfiguration;
			buildSettings = {
				ALWAYS_SEARCH_USER_PATHS = NO;
				CLANG_ANALYZER_NONNULL = YES;
				CLANG_ANALYZER_NUMBER_OBJECT_CONVERSION = YES_AGGRESSIVE;
				CLANG_CXX_LANGUAGE_STANDARD = "gnu++14";
				CLANG_CXX_LIBRARY = "libc++";
				CLANG_ENABLE_MODULES = YES;
				CLANG_ENABLE_OBJC_ARC = YES;
				CLANG_ENABLE_OBJC_WEAK = YES;
				CLANG_WARN_BLOCK_CAPTURE_AUTORELEASING = YES;
				CLANG_WARN_BOOL_CONVERSION = YES;
				CLANG_WARN_COMMA = YES;
				CLANG_WARN_CONSTANT_CONVERSION = YES;
				CLANG_WARN_DEPRECATED_OBJC_IMPLEMENTATIONS = YES;
				CLANG_WARN_DIRECT_OBJC_ISA_USAGE = YES_ERROR;
				CLANG_WARN_DOCUMENTATION_COMMENTS = YES;
				CLANG_WARN_EMPTY_BODY = YES;
				CLANG_WARN_ENUM_CONVERSION = YES;
				CLANG_WARN_INFINITE_RECURSION = YES;
				CLANG_WARN_INT_CONVERSION = YES;
				CLANG_WARN_NON_LITERAL_NULL_CONVERSION = YES;
				CLANG_WARN_OBJC_IMPLICIT_RETAIN_SELF = YES;
				CLANG_WARN_OBJC_LITERAL_CONVERSION = YES;
				CLANG_WARN_OBJC_ROOT_CLASS = YES_ERROR;
				CLANG_WARN_RANGE_LOOP_ANALYSIS = YES;
				CLANG_WARN_STRICT_PROTOTYPES = YES;
				CLANG_WARN_SUSPICIOUS_MOVE = YES;
				CLANG_WARN_UNGUARDED_AVAILABILITY = YES_AGGRESSIVE;
				CLANG_WARN_UNREACHABLE_CODE = YES;
				CLANG_WARN__DUPLICATE_METHOD_MATCH = YES;
				CODE_SIGN_IDENTITY = "iPhone Developer";
				COPY_PHASE_STRIP = NO;
				DEBUG_INFORMATION_FORMAT = "dwarf-with-dsym";
				ENABLE_NS_ASSERTIONS = NO;
				ENABLE_STRICT_OBJC_MSGSEND = YES;
				GCC_C_LANGUAGE_STANDARD = gnu11;
				GCC_NO_COMMON_BLOCKS = YES;
				GCC_WARN_64_TO_32_BIT_CONVERSION = YES;
				GCC_WARN_ABOUT_RETURN_TYPE = YES_ERROR;
				GCC_WARN_UNDECLARED_SELECTOR = YES;
				GCC_WARN_UNINITIALIZED_AUTOS = YES_AGGRESSIVE;
				GCC_WARN_UNUSED_FUNCTION = YES;
				GCC_WARN_UNUSED_VARIABLE = YES;
				IPHONEOS_DEPLOYMENT_TARGET = 12.2;
				MTL_ENABLE_DEBUG_INFO = NO;
				MTL_FAST_MATH = YES;
				SDKROOT = iphoneos;
				SWIFT_COMPILATION_MODE = wholemodule;
				SWIFT_OPTIMIZATION_LEVEL = "-O";
				VALIDATE_PRODUCT = YES;
			};
			name = Release;
		};
		059157F522EED0BE00B0E02B /* Debug */ = {
			isa = XCBuildConfiguration;
			buildSettings = {
				ALWAYS_EMBED_SWIFT_STANDARD_LIBRARIES = YES;
				ASSETCATALOG_COMPILER_APPICON_NAME = AppIcon;
				CODE_SIGN_STYLE = Automatic;
				DEVELOPMENT_TEAM = H76PBDNY38;
				INFOPLIST_FILE = "SQLite(Test)/Info.plist";
				LD_RUNPATH_SEARCH_PATHS = (
					"$(inherited)",
					"@executable_path/Frameworks",
				);
				PRODUCT_BUNDLE_IDENTIFIER = "neetable.SQLite-Test-";
				PRODUCT_NAME = "$(TARGET_NAME)";
				SWIFT_VERSION = 5.0;
				TARGETED_DEVICE_FAMILY = "1,2";
			};
			name = Debug;
		};
		059157F622EED0BE00B0E02B /* Release */ = {
			isa = XCBuildConfiguration;
			buildSettings = {
				ALWAYS_EMBED_SWIFT_STANDARD_LIBRARIES = YES;
				ASSETCATALOG_COMPILER_APPICON_NAME = AppIcon;
				CODE_SIGN_STYLE = Automatic;
				DEVELOPMENT_TEAM = H76PBDNY38;
				INFOPLIST_FILE = "SQLite(Test)/Info.plist";
				LD_RUNPATH_SEARCH_PATHS = (
					"$(inherited)",
					"@executable_path/Frameworks",
				);
				PRODUCT_BUNDLE_IDENTIFIER = "neetable.SQLite-Test-";
				PRODUCT_NAME = "$(TARGET_NAME)";
				SWIFT_VERSION = 5.0;
				TARGETED_DEVICE_FAMILY = "1,2";
			};
			name = Release;
		};
/* End XCBuildConfiguration section */

/* Begin XCConfigurationList section */
		059157DD22EED0BC00B0E02B /* Build configuration list for PBXProject "SQLite(Test)" */ = {
			isa = XCConfigurationList;
			buildConfigurations = (
				059157F222EED0BE00B0E02B /* Debug */,
				059157F322EED0BE00B0E02B /* Release */,
			);
			defaultConfigurationIsVisible = 0;
			defaultConfigurationName = Release;
		};
		059157F422EED0BE00B0E02B /* Build configuration list for PBXNativeTarget "SQLite(Test)" */ = {
			isa = XCConfigurationList;
			buildConfigurations = (
				059157F522EED0BE00B0E02B /* Debug */,
				059157F622EED0BE00B0E02B /* Release */,
			);
			defaultConfigurationIsVisible = 0;
			defaultConfigurationName = Release;
		};
/* End XCConfigurationList section */
	};
	rootObject = 059157DA22EED0BC00B0E02B /* Project object */;
}
